
Microsoft Visual Studio Solution File, Format Version 12.00
# Visual Studio Version 17
VisualStudioVersion = 17.3.32901.215
MinimumVisualStudioVersion = 10.0.40219.1
Project("{FAE04EC0-301F-11D3-BF4B-00C04F79EFBC}") = "210601046_ŞilanEkin_ödev2_veri", "210601046_ŞilanEkin_ödev2_veri\210601046_ŞilanEkin_ödev2_veri.csproj", "{E32732DA-21E0-4AAB-B047-5A9B2BBEEB12}"
EndProject
Global
	GlobalSection(SolutionConfigurationPlatforms) = preSolution
		Debug|Any CPU = Debug|Any CPU
		Release|Any CPU = Release|Any CPU
	EndGlobalSection
	GlobalSection(ProjectConfigurationPlatforms) = postSolution
		{E32732DA-21E0-4AAB-B047-5A9B2BBEEB12}.Debug|Any CPU.ActiveCfg = Debug|Any CPU
		{E32732DA-21E0-4AAB-B047-5A9B2BBEEB12}.Debug|Any CPU.Build.0 = Debug|Any CPU
		{E32732DA-21E0-4AAB-B047-5A9B2BBEEB12}.Release|Any CPU.ActiveCfg = Release|Any CPU
		{E32732DA-21E0-4AAB-B047-5A9B2BBEEB12}.Release|Any CPU.Build.0 = Release|Any CPU
	EndGlobalSection
	GlobalSection(SolutionProperties) = preSolution
		HideSolutionNode = FALSE
	EndGlobalSection
	GlobalSection(ExtensibilityGlobals) = postSolution
		SolutionGuid = {CA1429EF-60A6-43FC-A715-6DEF7C9812C1}
	EndGlobalSection
EndGlobal
